
Microsoft Visual Studio Solution File, Format Version 12.00
# Visual Studio Version 16
VisualStudioVersion = 16.0.33529.622
MinimumVisualStudioVersion = 10.0.40219.1
Project("{FAE04EC0-301F-11D3-BF4B-00C04F79EFBC}") = "BoletoLoteria", "BoletoLoteria\BoletoLoteria.csproj", "{BBA328BC-311B-4737-8404-69EB2DC9DDD9}"
EndProject
Global
	GlobalSection(SolutionConfigurationPlatforms) = preSolution
		Debug|Any CPU = Debug|Any CPU
		Release|Any CPU = Release|Any CPU
	EndGlobalSection
	GlobalSection(ProjectConfigurationPlatforms) = postSolution
		{BBA328BC-311B-4737-8404-69EB2DC9DDD9}.Debug|Any CPU.ActiveCfg = Debug|Any CPU
		{BBA328BC-311B-4737-8404-69EB2DC9DDD9}.Debug|Any CPU.Build.0 = Debug|Any CPU
		{BBA328BC-311B-4737-8404-69EB2DC9DDD9}.Release|Any CPU.ActiveCfg = Release|Any CPU
		{BBA328BC-311B-4737-8404-69EB2DC9DDD9}.Release|Any CPU.Build.0 = Release|Any CPU
	EndGlobalSection
	GlobalSection(SolutionProperties) = preSolution
		HideSolutionNode = FALSE
	EndGlobalSection
	GlobalSection(ExtensibilityGlobals) = postSolution
		SolutionGuid = {5974BA52-49FE-4C3D-A1F0-42C1E5721CA6}
	EndGlobalSection
EndGlobal
